PODS:
  - Alamofire (4.9.1)
  - AlamofireObjectMapper (5.2.1):
    - Alamofire (~> 4.7)
    - ObjectMapper (~> 3.4)
  - DropDown (2.3.13)
  - IQKeyboardManagerSwift (6.5.9)
  - ObjectMapper (3.5.3)
  - Realm (10.5.2):
    - Realm/Headers (= 10.5.2)
  - Realm/Headers (10.5.2)
  - RealmSwift (10.5.2):
    - Realm (= 10.5.2)
  - SDWebImage (5.12.1):
    - SDWebImage/Core (= 5.12.1)
  - SDWebImage/Core (5.12.1)
  - SVProgressHUD (2.2.5)

DEPENDENCIES:
  - AlamofireObjectMapper (~> 5.2)
  - DropDown
  - IQKeyboardManagerSwift
  - RealmSwift (~> 10)
  - SDWebImage (~> 5.0)
  - SVProgressHUD

SPEC REPOS:
  trunk:
    - Alamofire
    - AlamofireObjectMapper
    - DropDown
    - IQKeyboardManagerSwift
    - ObjectMapper
    - Realm
    - RealmSwift
    - SDWebImage
    - SVProgressHUD

SPEC CHECKSUMS:
  Alamofire: 85e8a02c69d6020a0d734f6054870d7ecb75cf18
  AlamofireObjectMapper: 1989f690e982b71921b9253f53a4f33a9bc00d88
  DropDown: 8a2116376c1981888557f72ec2ffc9a5e0e456ec
  IQKeyboardManagerSwift: 6e839c575c4aa1078d58a596e41244e77abe918f
  ObjectMapper: 97111c97e054a6ee25917662106689f0b4127b37
  Realm: 2e1bc0d28301006176692da234deff51f867d5ae
  RealmSwift: a522ad39715e8b4e491af4460059bc32b84f5a9b
  SDWebImage: 4dc3e42d9ec0c1028b960a33ac6b637bb432207b
  SVProgressHUD: 1428aafac632c1f86f62aa4243ec12008d7a51d6

PODFILE CHECKSUM: eb3e27e4fbba699df20123a2ba517495bec1c2f8

COCOAPODS: 1.11.2
